
Microsoft Visual Studio Solution File, Format Version 12.00
# Visual Studio Version 17
VisualStudioVersion = 17.11.35312.102
MinimumVisualStudioVersion = 10.0.40219.1
Project("{FAE04EC0-301F-11D3-BF4B-00C04F79EFBC}") = "backend", "backend.csproj", "{BACE8EE9-222D-4F81-AA89-67996AA69840}"
EndProject
Global
	GlobalSection(SolutionConfigurationPlatforms) = preSolution
		Debug|Any CPU = Debug|Any CPU
		Release|Any CPU = Release|Any CPU
	EndGlobalSection
	GlobalSection(ProjectConfigurationPlatforms) = postSolution
		{BACE8EE9-222D-4F81-AA89-67996AA69840}.Debug|Any CPU.ActiveCfg = Debug|Any CPU
		{BACE8EE9-222D-4F81-AA89-67996AA69840}.Debug|Any CPU.Build.0 = Debug|Any CPU
		{BACE8EE9-222D-4F81-AA89-67996AA69840}.Release|Any CPU.ActiveCfg = Release|Any CPU
		{BACE8EE9-222D-4F81-AA89-67996AA69840}.Release|Any CPU.Build.0 = Release|Any CPU
	EndGlobalSection
	GlobalSection(SolutionProperties) = preSolution
		HideSolutionNode = FALSE
	EndGlobalSection
	GlobalSection(ExtensibilityGlobals) = postSolution
		SolutionGuid = {D4CB7C2E-1133-44C2-B6F0-E97AB56293DB}
	EndGlobalSection
EndGlobal
